// !$*UTF8*$!
{
	archiveVersion = 1;
	classes = {
	};
	objectVersion = 46;
	objects = {

/* Begin PBXBuildFile section */
		F98B52661E652DD40022B0D6 /* AppDelegate.swift in Sources */ = {isa = PBXBuildFile; fileRef = F98B52651E652DD40022B0D6 /* AppDelegate.swift */; };
		F98B52681E652DD40022B0D6 /* ViewController.swift in Sources */ = {isa = PBXBuildFile; fileRef = F98B52671E652DD40022B0D6 /* ViewController.swift */; };
		F98B526B1E652DD40022B0D6 /* Main.storyboard in Resources */ = {isa = PBXBuildFile; fileRef = F98B52691E652DD40022B0D6 /* Main.storyboard */; };
		F98B526D1E652DD40022B0D6 /* Assets.xcassets in Resources */ = {isa = PBXBuildFile; fileRef = F98B526C1E652DD40022B0D6 /* Assets.xcassets */; };
		F98B52701E652DD40022B0D6 /* LaunchScreen.storyboard in Resources */ = {isa = PBXBuildFile; fileRef = F98B526E1E652DD40022B0D6 /* LaunchScreen.storyboard */; };
		F9F3AAF51E65E3E800AB7BA2 /* CalculatorBrain.swift in Sources */ = {isa = PBXBuildFile; fileRef = F9F3AAF41E65E3E800AB7BA2 /* CalculatorBrain.swift */; };
/* End PBXBuildFile section */

/* Begin PBXFileReference section */
		F98B52621E652DD40022B0D6 /* Calculator.app */ = {isa = PBXFileReference; explicitFileType = wrapper.application; includeInIndex = 0; path = Calculator.app; sourceTree = BUILT_PRODUCTS_DIR; };
		F98B52651E652DD40022B0D6 /* AppDelegate.swift */ = {isa = PBXFileReference; lastKnownFileType = sourcecode.swift; path = AppDelegate.swift; sourceTree = "<group>"; };
		F98B52671E652DD40022B0D6 /* ViewController.swift */ = {isa = PBXFileReference; lastKnownFileType = sourcecode.swift; path = ViewController.swift; sourceTree = "<group>"; };
		F98B526A1E652DD40022B0D6 /* Base */ = {isa = PBXFileReference; lastKnownFileType = file.storyboard; name = Base; path = Base.lproj/Main.storyboard; sourceTree = "<group>"; };
		F98B526C1E652DD40022B0D6 /* Assets.xcassets */ = {isa = PBXFileReference; lastKnownFileType = folder.assetcatalog; path = Assets.xcassets; sourceTree = "<group>"; };
		F98B526F1E652DD40022B0D6 /* Base */ = {isa = PBXFileReference; lastKnownFileType = file.storyboard; name = Base; path = Base.lproj/LaunchScreen.storyboard; sourceTree = "<group>"; };
		F98B52711E652DD40022B0D6 /* Info.plist */ = {isa = PBXFileReference; lastKnownFileType = text.plist.xml; path = Info.plist; sourceTree = "<group>"; };
		F9F3AAF41E65E3E800AB7BA2 /* CalculatorBrain.swift */ = {isa = PBXFileReference; fileEncoding = 4; lastKnownFileType = sourcecode.swift; path = CalculatorBrain.swift; sourceTree = "<group>"; };
/* End PBXFileReference section */

/* Begin PBXFrameworksBuildPhase section */
		F98B525F1E652DD40022B0D6 /* Frameworks */ = {
			isa = PBXFrameworksBuildPhase;
			buildActionMask = 2147483647;
			files = (
			);
			runOnlyForDeploymentPostprocessing = 0;
		};
/* End PBXFrameworksBuildPhase section */

/* Begin PBXGroup section */
		F98B52591E652DD30022B0D6 = {
			isa = PBXGroup;
			children = (
				F98B52641E652DD40022B0D6 /* Calculator */,
				F98B52631E652DD40022B0D6 /* Products */,
			);
			sourceTree = "<group>";
		};
		F98B52631E652DD40022B0D6 /* Products */ = {
			isa = PBXGroup;
			children = (
				F98B52621E652DD40022B0D6 /* Calculator.app */,
			);
			name = Products;
			sourceTree = "<group>";
		};
		F98B52641E652DD40022B0D6 /* Calculator */ = {
			isa = PBXGroup;
			children = (
				F98B52671E652DD40022B0D6 /* ViewController.swift */,
				F98B52691E652DD40022B0D6 /* Main.storyboard */,
				F9F3AAF41E65E3E800AB7BA2 /* CalculatorBrain.swift */,
				F98B52771E652E700022B0D6 /* Supporting Files */,
			);
			path = Calculator;
			sourceTree = "<group>";
		};
		F98B52771E652E700022B0D6 /* Supporting Files */ = {
			isa = PBXGroup;
			children = (
				F98B52651E652DD40022B0D6 /* AppDelegate.swift */,
				F98B526C1E652DD40022B0D6 /* Assets.xcassets */,
				F98B526E1E652DD40022B0D6 /* LaunchScreen.storyboard */,
				F98B52711E652DD40022B0D6 /* Info.plist */,
			);
			name = "Supporting Files";
			sourceTree = "<group>";
		};
/* End PBXGroup section */

/* Begin PBXNativeTarget section */
		F98B52611E652DD40022B0D6 /* Calculator */ = {
			isa = PBXNativeTarget;
			buildConfigurationList = F98B52741E652DD40022B0D6 /* Build configuration list for PBXNativeTarget "Calculator" */;
			buildPhases = (
				F98B525E1E652DD40022B0D6 /* Sources */,
				F98B525F1E652DD40022B0D6 /* Frameworks */,
				F98B52601E652DD40022B0D6 /* Resources */,
			);
			buildRules = (
			);
			dependencies = (
			);
			name = Calculator;
			productName = Calculator;
			productReference = F98B52621E652DD40022B0D6 /* Calculator.app */;
			productType = "com.apple.product-type.application";
		};
/* End PBXNativeTarget section */

/* Begin PBXProject section */
		F98B525A1E652DD30022B0D6 /* Project object */ = {
			isa = PBXProject;
			attributes = {
				LastSwiftUpdateCheck = 0820;
				LastUpgradeCheck = 0820;
				ORGANIZATIONNAME = "uiux.biz LLC";
				TargetAttributes = {
					F98B52611E652DD40022B0D6 = {
						CreatedOnToolsVersion = 8.2.1;
						DevelopmentTeam = 2V2L23X322;
						ProvisioningStyle = Automatic;
					};
				};
			};
			buildConfigurationList = F98B525D1E652DD30022B0D6 /* Build configuration list for PBXProject "Calculator" */;
			compatibilityVersion = "Xcode 3.2";
			developmentRegion = English;
			hasScannedForEncodings = 0;
			knownRegions = (
				en,
				Base,
			);
			mainGroup = F98B52591E652DD30022B0D6;
			productRefGroup = F98B52631E652DD40022B0D6 /* Products */;
			projectDirPath = "";
			projectRoot = "";
			targets = (
				F98B52611E652DD40022B0D6 /* Calculator */,
			);
		};
/* End PBXProject section */

/* Begin PBXResourcesBuildPhase section */
		F98B52601E652DD40022B0D6 /* Resources */ = {
			isa = PBXResourcesBuildPhase;
			buildActionMask = 2147483647;
			files = (
				F98B52701E652DD40022B0D6 /* LaunchScreen.storyboard in Resources */,
				F98B526D1E652DD40022B0D6 /* Assets.xcassets in Resources */,
				F98B526B1E652DD40022B0D6 /* Main.storyboard in Resources */,
			);
			runOnlyForDeploymentPostprocessing = 0;
		};
/* End PBXResourcesBuildPhase section */

/* Begin PBXSourcesBuildPhase section */
		F98B525E1E652DD40022B0D6 /* Sources */ = {
			isa = PBXSourcesBuildPhase;
			buildActionMask = 2147483647;
			files = (
				F9F3AAF51E65E3E800AB7BA2 /* CalculatorBrain.swift in Sources */,
				F98B52681E652DD40022B0D6 /* ViewController.swift in Sources */,
				F98B52661E652DD40022B0D6 /* AppDelegate.swift in Sources */,
			);
			runOnlyForDeploymentPostprocessing = 0;
		};
/* End PBXSourcesBuildPhase section */

/* Begin PBXVariantGroup section */
		F98B52691E652DD40022B0D6 /* Main.storyboard */ = {
			isa = PBXVariantGroup;
			children = (
				F98B526A1E652DD40022B0D6 /* Base */,
			);
			name = Main.storyboard;
			sourceTree = "<group>";
		};
		F98B526E1E652DD40022B0D6 /* LaunchScreen.storyboard */ = {
			isa = PBXVariantGroup;
			children = (
				F98B526F1E652DD40022B0D6 /* Base */,
			);
			name = LaunchScreen.storyboard;
			sourceTree = "<group>";
		};
/* End PBXVariantGroup section */

/* Begin XCBuildConfiguration section */
		F98B52721E652DD40022B0D6 /* Debug */ = {
			isa = XCBuildConfiguration;
			buildSettings = {
				ALWAYS_SEARCH_USER_PATHS = NO;
				CLANG_ANALYZER_NONNULL = YES;
				CLANG_CXX_LANGUAGE_STANDARD = "gnu++0x";
				CLANG_CXX_LIBRARY = "libc++";
				CLANG_ENABLE_MODULES = YES;
				CLANG_ENABLE_OBJC_ARC = YES;
				CLANG_WARN_BOOL_CONVERSION = YES;
				CLANG_WARN_CONSTANT_CONVERSION = YES;
				CLANG_WARN_DIRECT_OBJC_ISA_USAGE = YES_ERROR;
				CLANG_WARN_DOCUMENTATION_COMMENTS = YES;
				CLANG_WARN_EMPTY_BODY = YES;
				CLANG_WARN_ENUM_CONVERSION = YES;
				CLANG_WARN_INFINITE_RECURSION = YES;
				CLANG_WARN_INT_CONVERSION = YES;
				CLANG_WARN_OBJC_ROOT_CLASS = YES_ERROR;
				CLANG_WARN_SUSPICIOUS_MOVE = YES;
				CLANG_WARN_UNREACHABLE_CODE = YES;
				CLANG_WARN__DUPLICATE_METHOD_MATCH = YES;
				"CODE_SIGN_IDENTITY[sdk=iphoneos*]" = "iPhone Developer";
				COPY_PHASE_STRIP = NO;
				DEBUG_INFORMATION_FORMAT = dwarf;
				ENABLE_STRICT_OBJC_MSGSEND = YES;
				ENABLE_TESTABILITY = YES;
				GCC_C_LANGUAGE_STANDARD = gnu99;
				GCC_DYNAMIC_NO_PIC = NO;
				GCC_NO_COMMON_BLOCKS = YES;
				GCC_OPTIMIZATION_LEVEL = 0;
				GCC_PREPROCESSOR_DEFINITIONS = (
					"DEBUG=1",
					"$(inherited)",
				);
				GCC_WARN_64_TO_32_BIT_CONVERSION = YES;
				GCC_WARN_ABOUT_RETURN_TYPE = YES_ERROR;
				GCC_WARN_UNDECLARED_SELECTOR = YES;
				GCC_WARN_UNINITIALIZED_AUTOS = YES_AGGRESSIVE;
				GCC_WARN_UNUSED_FUNCTION = YES;
				GCC_WARN_UNUSED_VARIABLE = YES;
				IPHONEOS_DEPLOYMENT_TARGET = 10.2;
				MTL_ENABLE_DEBUG_INFO = YES;
				ONLY_ACTIVE_ARCH = YES;
				SDKROOT = iphoneos;
				SWIFT_ACTIVE_COMPILATION_CONDITIONS = DEBUG;
				SWIFT_OPTIMIZATION_LEVEL = "-Onone";
				TARGETED_DEVICE_FAMILY = "1,2";
			};
			name = Debug;
		};
		F98B52731E652DD40022B0D6 /* Release */ = {
			isa = XCBuildConfiguration;
			buildSettings = {
				ALWAYS_SEARCH_USER_PATHS = NO;
				CLANG_ANALYZER_NONNULL = YES;
				CLANG_CXX_LANGUAGE_STANDARD = "gnu++0x";
				CLANG_CXX_LIBRARY = "libc++";
				CLANG_ENABLE_MODULES = YES;
				CLANG_ENABLE_OBJC_ARC = YES;
				CLANG_WARN_BOOL_CONVERSION = YES;
				CLANG_WARN_CONSTANT_CONVERSION = YES;
				CLANG_WARN_DIRECT_OBJC_ISA_USAGE = YES_ERROR;
				CLANG_WARN_DOCUMENTATION_COMMENTS = YES;
				CLANG_WARN_EMPTY_BODY = YES;
				CLANG_WARN_ENUM_CONVERSION = YES;
				CLANG_WARN_INFINITE_RECURSION = YES;
				CLANG_WARN_INT_CONVERSION = YES;
				CLANG_WARN_OBJC_ROOT_CLASS = YES_ERROR;
				CLANG_WARN_SUSPICIOUS_MOVE = YES;
				CLANG_WARN_UNREACHABLE_CODE = YES;
				CLANG_WARN__DUPLICATE_METHOD_MATCH = YES;
				"CODE_SIGN_IDENTITY[sdk=iphoneos*]" = "iPhone Developer";
				COPY_PHASE_STRIP = NO;
				DEBUG_INFORMATION_FORMAT = "dwarf-with-dsym";
				ENABLE_NS_ASSERTIONS = NO;
				ENABLE_STRICT_OBJC_MSGSEND = YES;
				GCC_C_LANGUAGE_STANDARD = gnu99;
				GCC_NO_COMMON_BLOCKS = YES;
				GCC_WARN_64_TO_32_BIT_CONVERSION = YES;
				GCC_WARN_ABOUT_RETURN_TYPE = YES_ERROR;
				GCC_WARN_UNDECLARED_SELECTOR = YES;
				GCC_WARN_UNINITIALIZED_AUTOS = YES_AGGRESSIVE;
				GCC_WARN_UNUSED_FUNCTION = YES;
				GCC_WARN_UNUSED_VARIABLE = YES;
				IPHONEOS_DEPLOYMENT_TARGET = 10.2;
				MTL_ENABLE_DEBUG_INFO = NO;
				SDKROOT = iphoneos;
				SWIFT_OPTIMIZATION_LEVEL = "-Owholemodule";
				TARGETED_DEVICE_FAMILY = "1,2";
				VALIDATE_PRODUCT = YES;
			};
			name = Release;
		};
		F98B52751E652DD40022B0D6 /* Debug */ = {
			isa = XCBuildConfiguration;
			buildSettings = {
				ASSETCATALOG_COMPILER_APPICON_NAME = AppIcon;
				DEVELOPMENT_TEAM = 2V2L23X322;
				INFOPLIST_FILE = Calculator/Info.plist;
				LD_RUNPATH_SEARCH_PATHS = "$(inherited) @executable_path/Frameworks";
				PRODUCT_BUNDLE_IDENTIFIER = biz.uiux.Calculator;
				PRODUCT_NAME = "$(TARGET_NAME)";
				SWIFT_VERSION = 3.0;
			};
			name = Debug;
		};
		F98B52761E652DD40022B0D6 /* Release */ = {
			isa = XCBuildConfiguration;
			buildSettings = {
				ASSETCATALOG_COMPILER_APPICON_NAME = AppIcon;
				DEVELOPMENT_TEAM = 2V2L23X322;
				INFOPLIST_FILE = Calculator/Info.plist;
				LD_RUNPATH_SEARCH_PATHS = "$(inherited) @executable_path/Frameworks";
				PRODUCT_BUNDLE_IDENTIFIER = biz.uiux.Calculator;
				PRODUCT_NAME = "$(TARGET_NAME)";
				SWIFT_VERSION = 3.0;
			};
			name = Release;
		};
/* End XCBuildConfiguration section */

/* Begin XCConfigurationList section */
		F98B525D1E652DD30022B0D6 /* Build configuration list for PBXProject "Calculator" */ = {
			isa = XCConfigurationList;
			buildConfigurations = (
				F98B52721E652DD40022B0D6 /* Debug */,
				F98B52731E652DD40022B0D6 /* Release */,
			);
			defaultConfigurationIsVisible = 0;
			defaultConfigurationName = Release;
		};
		F98B52741E652DD40022B0D6 /* Build configuration list for PBXNativeTarget "Calculator" */ = {
			isa = XCConfigurationList;
			buildConfigurations = (
				F98B52751E652DD40022B0D6 /* Debug */,
				F98B52761E652DD40022B0D6 /* Release */,
			);
			defaultConfigurationIsVisible = 0;
			defaultConfigurationName = Release;
		};
/* End XCConfigurationList section */
	};
	rootObject = F98B525A1E652DD30022B0D6 /* Project object */;
}
